// !$*UTF8*$!
{
	archiveVersion = 1;
	classes = {
	};
	objectVersion = 50;
	objects = {

/* Begin PBXBuildFile section */
		18E1EE9121B6FB5C0055FA90 /* AppDelegate.swift in Sources */ = {isa = PBXBuildFile; fileRef = 18E1EE9021B6FB5C0055FA90 /* AppDelegate.swift */; };
		18E1EE9621B6FB5C0055FA90 /* Main.storyboard in Resources */ = {isa = PBXBuildFile; fileRef = 18E1EE9421B6FB5C0055FA90 /* Main.storyboard */; };
		18E1EE9821B6FB5F0055FA90 /* Assets.xcassets in Resources */ = {isa = PBXBuildFile; fileRef = 18E1EE9721B6FB5F0055FA90 /* Assets.xcassets */; };
		18E1EE9B21B6FB5F0055FA90 /* LaunchScreen.storyboard in Resources */ = {isa = PBXBuildFile; fileRef = 18E1EE9921B6FB5F0055FA90 /* LaunchScreen.storyboard */; };
		18E1EEA621B6FB5F0055FA90 /* RestaurantTests.swift in Sources */ = {isa = PBXBuildFile; fileRef = 18E1EEA521B6FB5F0055FA90 /* RestaurantTests.swift */; };
		18E1EEB121B6FB5F0055FA90 /* RestaurantUITests.swift in Sources */ = {isa = PBXBuildFile; fileRef = 18E1EEB021B6FB5F0055FA90 /* RestaurantUITests.swift */; };
		18E1EEBF21B6FE180055FA90 /* CategoryTableViewController.swift in Sources */ = {isa = PBXBuildFile; fileRef = 18E1EEBE21B6FE180055FA90 /* CategoryTableViewController.swift */; };
		18E1EEC121B6FE290055FA90 /* MenuTableViewController.swift in Sources */ = {isa = PBXBuildFile; fileRef = 18E1EEC021B6FE290055FA90 /* MenuTableViewController.swift */; };
		18E1EEC321B6FE3C0055FA90 /* OrderTableViewController.swift in Sources */ = {isa = PBXBuildFile; fileRef = 18E1EEC221B6FE3C0055FA90 /* OrderTableViewController.swift */; };
		18E1EEC521B6FFE20055FA90 /* MenuItemDetailViewController.swift in Sources */ = {isa = PBXBuildFile; fileRef = 18E1EEC421B6FFE20055FA90 /* MenuItemDetailViewController.swift */; };
		18E1EEC721B700F80055FA90 /* MenuItem.swift in Sources */ = {isa = PBXBuildFile; fileRef = 18E1EEC621B700F80055FA90 /* MenuItem.swift */; };
		18E1EEC921B702680055FA90 /* IntermediaryModels.swift in Sources */ = {isa = PBXBuildFile; fileRef = 18E1EEC821B702680055FA90 /* IntermediaryModels.swift */; };
		18E1EECB21B703710055FA90 /* Order.swift in Sources */ = {isa = PBXBuildFile; fileRef = 18E1EECA21B703710055FA90 /* Order.swift */; };
		18E1EECD21B7D8D00055FA90 /* MenuController.swift in Sources */ = {isa = PBXBuildFile; fileRef = 18E1EECC21B7D8D00055FA90 /* MenuController.swift */; };
		18FF77F721B84889005B18BC /* OrderConfirmationViewController.swift in Sources */ = {isa = PBXBuildFile; fileRef = 18FF77F621B84889005B18BC /* OrderConfirmationViewController.swift */; };
/* End PBXBuildFile section */

/* Begin PBXContainerItemProxy section */
		18E1EEA221B6FB5F0055FA90 /* PBXContainerItemProxy */ = {
			isa = PBXContainerItemProxy;
			containerPortal = 18E1EE8521B6FB5C0055FA90 /* Project object */;
			proxyType = 1;
			remoteGlobalIDString = 18E1EE8C21B6FB5C0055FA90;
			remoteInfo = Restaurant;
		};
		18E1EEAD21B6FB5F0055FA90 /* PBXContainerItemProxy */ = {
			isa = PBXContainerItemProxy;
			containerPortal = 18E1EE8521B6FB5C0055FA90 /* Project object */;
			proxyType = 1;
			remoteGlobalIDString = 18E1EE8C21B6FB5C0055FA90;
			remoteInfo = Restaurant;
		};
/* End PBXContainerItemProxy section */

/* Begin PBXFileReference section */
		18E1EE8D21B6FB5C0055FA90 /* Restaurant.app */ = {isa = PBXFileReference; explicitFileType = wrapper.application; includeInIndex = 0; path = Restaurant.app; sourceTree = BUILT_PRODUCTS_DIR; };
		18E1EE9021B6FB5C0055FA90 /* AppDelegate.swift */ = {isa = PBXFileReference; lastKnownFileType = sourcecode.swift; path = AppDelegate.swift; sourceTree = "<group>"; };
		18E1EE9521B6FB5C0055FA90 /* Base */ = {isa = PBXFileReference; lastKnownFileType = file.storyboard; name = Base; path = Base.lproj/Main.storyboard; sourceTree = "<group>"; };
		18E1EE9721B6FB5F0055FA90 /* Assets.xcassets */ = {isa = PBXFileReference; lastKnownFileType = folder.assetcatalog; path = Assets.xcassets; sourceTree = "<group>"; };
		18E1EE9A21B6FB5F0055FA90 /* Base */ = {isa = PBXFileReference; lastKnownFileType = file.storyboard; name = Base; path = Base.lproj/LaunchScreen.storyboard; sourceTree = "<group>"; };
		18E1EE9C21B6FB5F0055FA90 /* Info.plist */ = {isa = PBXFileReference; lastKnownFileType = text.plist.xml; path = Info.plist; sourceTree = "<group>"; };
		18E1EEA121B6FB5F0055FA90 /* RestaurantTests.xctest */ = {isa = PBXFileReference; explicitFileType = wrapper.cfbundle; includeInIndex = 0; path = RestaurantTests.xctest; sourceTree = BUILT_PRODUCTS_DIR; };
		18E1EEA521B6FB5F0055FA90 /* RestaurantTests.swift */ = {isa = PBXFileReference; lastKnownFileType = sourcecode.swift; path = RestaurantTests.swift; sourceTree = "<group>"; };
		18E1EEA721B6FB5F0055FA90 /* Info.plist */ = {isa = PBXFileReference; lastKnownFileType = text.plist.xml; path = Info.plist; sourceTree = "<group>"; };
		18E1EEAC21B6FB5F0055FA90 /* RestaurantUITests.xctest */ = {isa = PBXFileReference; explicitFileType = wrapper.cfbundle; includeInIndex = 0; path = RestaurantUITests.xctest; sourceTree = BUILT_PRODUCTS_DIR; };
		18E1EEB021B6FB5F0055FA90 /* RestaurantUITests.swift */ = {isa = PBXFileReference; lastKnownFileType = sourcecode.swift; path = RestaurantUITests.swift; sourceTree = "<group>"; };
		18E1EEB221B6FB5F0055FA90 /* Info.plist */ = {isa = PBXFileReference; lastKnownFileType = text.plist.xml; path = Info.plist; sourceTree = "<group>"; };
		18E1EEBE21B6FE180055FA90 /* CategoryTableViewController.swift */ = {isa = PBXFileReference; lastKnownFileType = sourcecode.swift; path = CategoryTableViewController.swift; sourceTree = "<group>"; };
		18E1EEC021B6FE290055FA90 /* MenuTableViewController.swift */ = {isa = PBXFileReference; lastKnownFileType = sourcecode.swift; path = MenuTableViewController.swift; sourceTree = "<group>"; };
		18E1EEC221B6FE3C0055FA90 /* OrderTableViewController.swift */ = {isa = PBXFileReference; lastKnownFileType = sourcecode.swift; path = OrderTableViewController.swift; sourceTree = "<group>"; };
		18E1EEC421B6FFE20055FA90 /* MenuItemDetailViewController.swift */ = {isa = PBXFileReference; lastKnownFileType = sourcecode.swift; path = MenuItemDetailViewController.swift; sourceTree = "<group>"; };
		18E1EEC621B700F80055FA90 /* MenuItem.swift */ = {isa = PBXFileReference; lastKnownFileType = sourcecode.swift; path = MenuItem.swift; sourceTree = "<group>"; };
		18E1EEC821B702680055FA90 /* IntermediaryModels.swift */ = {isa = PBXFileReference; lastKnownFileType = sourcecode.swift; path = IntermediaryModels.swift; sourceTree = "<group>"; };
		18E1EECA21B703710055FA90 /* Order.swift */ = {isa = PBXFileReference; lastKnownFileType = sourcecode.swift; path = Order.swift; sourceTree = "<group>"; };
		18E1EECC21B7D8D00055FA90 /* MenuController.swift */ = {isa = PBXFileReference; lastKnownFileType = sourcecode.swift; path = MenuController.swift; sourceTree = "<group>"; };
		18FF77F621B84889005B18BC /* OrderConfirmationViewController.swift */ = {isa = PBXFileReference; lastKnownFileType = sourcecode.swift; path = OrderConfirmationViewController.swift; sourceTree = "<group>"; };
/* End PBXFileReference section */

/* Begin PBXFrameworksBuildPhase section */
		18E1EE8A21B6FB5C0055FA90 /* Frameworks */ = {
			isa = PBXFrameworksBuildPhase;
			buildActionMask = 2147483647;
			files = (
			);
			runOnlyForDeploymentPostprocessing = 0;
		};
		18E1EE9E21B6FB5F0055FA90 /* Frameworks */ = {
			isa = PBXFrameworksBuildPhase;
			buildActionMask = 2147483647;
			files = (
			);
			runOnlyForDeploymentPostprocessing = 0;
		};
		18E1EEA921B6FB5F0055FA90 /* Frameworks */ = {
			isa = PBXFrameworksBuildPhase;
			buildActionMask = 2147483647;
			files = (
			);
			runOnlyForDeploymentPostprocessing = 0;
		};
/* End PBXFrameworksBuildPhase section */

/* Begin PBXGroup section */
		18E1EE8421B6FB5C0055FA90 = {
			isa = PBXGroup;
			children = (
				18E1EE8F21B6FB5C0055FA90 /* Restaurant */,
				18E1EEA421B6FB5F0055FA90 /* RestaurantTests */,
				18E1EEAF21B6FB5F0055FA90 /* RestaurantUITests */,
				18E1EE8E21B6FB5C0055FA90 /* Products */,
			);
			sourceTree = "<group>";
		};
		18E1EE8E21B6FB5C0055FA90 /* Products */ = {
			isa = PBXGroup;
			children = (
				18E1EE8D21B6FB5C0055FA90 /* Restaurant.app */,
				18E1EEA121B6FB5F0055FA90 /* RestaurantTests.xctest */,
				18E1EEAC21B6FB5F0055FA90 /* RestaurantUITests.xctest */,
			);
			name = Products;
			sourceTree = "<group>";
		};
		18E1EE8F21B6FB5C0055FA90 /* Restaurant */ = {
			isa = PBXGroup;
			children = (
				18E1EE9021B6FB5C0055FA90 /* AppDelegate.swift */,
				18E1EE9421B6FB5C0055FA90 /* Main.storyboard */,
				18FF77F621B84889005B18BC /* OrderConfirmationViewController.swift */,
				18E1EEC621B700F80055FA90 /* MenuItem.swift */,
				18E1EEC821B702680055FA90 /* IntermediaryModels.swift */,
				18E1EECA21B703710055FA90 /* Order.swift */,
				18E1EECC21B7D8D00055FA90 /* MenuController.swift */,
				18E1EEC421B6FFE20055FA90 /* MenuItemDetailViewController.swift */,
				18E1EEBE21B6FE180055FA90 /* CategoryTableViewController.swift */,
				18E1EEC021B6FE290055FA90 /* MenuTableViewController.swift */,
				18E1EEC221B6FE3C0055FA90 /* OrderTableViewController.swift */,
				18E1EE9721B6FB5F0055FA90 /* Assets.xcassets */,
				18E1EE9921B6FB5F0055FA90 /* LaunchScreen.storyboard */,
				18E1EE9C21B6FB5F0055FA90 /* Info.plist */,
			);
			path = Restaurant;
			sourceTree = "<group>";
		};
		18E1EEA421B6FB5F0055FA90 /* RestaurantTests */ = {
			isa = PBXGroup;
			children = (
				18E1EEA521B6FB5F0055FA90 /* RestaurantTests.swift */,
				18E1EEA721B6FB5F0055FA90 /* Info.plist */,
			);
			path = RestaurantTests;
			sourceTree = "<group>";
		};
		18E1EEAF21B6FB5F0055FA90 /* RestaurantUITests */ = {
			isa = PBXGroup;
			children = (
				18E1EEB021B6FB5F0055FA90 /* RestaurantUITests.swift */,
				18E1EEB221B6FB5F0055FA90 /* Info.plist */,
			);
			path = RestaurantUITests;
			sourceTree = "<group>";
		};
/* End PBXGroup section */

/* Begin PBXNativeTarget section */
		18E1EE8C21B6FB5C0055FA90 /* Restaurant */ = {
			isa = PBXNativeTarget;
			buildConfigurationList = 18E1EEB521B6FB5F0055FA90 /* Build configuration list for PBXNativeTarget "Restaurant" */;
			buildPhases = (
				18E1EE8921B6FB5C0055FA90 /* Sources */,
				18E1EE8A21B6FB5C0055FA90 /* Frameworks */,
				18E1EE8B21B6FB5C0055FA90 /* Resources */,
			);
			buildRules = (
			);
			dependencies = (
			);
			name = Restaurant;
			productName = Restaurant;
			productReference = 18E1EE8D21B6FB5C0055FA90 /* Restaurant.app */;
			productType = "com.apple.product-type.application";
		};
		18E1EEA021B6FB5F0055FA90 /* RestaurantTests */ = {
			isa = PBXNativeTarget;
			buildConfigurationList = 18E1EEB821B6FB5F0055FA90 /* Build configuration list for PBXNativeTarget "RestaurantTests" */;
			buildPhases = (
				18E1EE9D21B6FB5F0055FA90 /* Sources */,
				18E1EE9E21B6FB5F0055FA90 /* Frameworks */,
				18E1EE9F21B6FB5F0055FA90 /* Resources */,
			);
			buildRules = (
			);
			dependencies = (
				18E1EEA321B6FB5F0055FA90 /* PBXTargetDependency */,
			);
			name = RestaurantTests;
			productName = RestaurantTests;
			productReference = 18E1EEA121B6FB5F0055FA90 /* RestaurantTests.xctest */;
			productType = "com.apple.product-type.bundle.unit-test";
		};
		18E1EEAB21B6FB5F0055FA90 /* RestaurantUITests */ = {
			isa = PBXNativeTarget;
			buildConfigurationList = 18E1EEBB21B6FB5F0055FA90 /* Build configuration list for PBXNativeTarget "RestaurantUITests" */;
			buildPhases = (
				18E1EEA821B6FB5F0055FA90 /* Sources */,
				18E1EEA921B6FB5F0055FA90 /* Frameworks */,
				18E1EEAA21B6FB5F0055FA90 /* Resources */,
			);
			buildRules = (
			);
			dependencies = (
				18E1EEAE21B6FB5F0055FA90 /* PBXTargetDependency */,
			);
			name = RestaurantUITests;
			productName = RestaurantUITests;
			productReference = 18E1EEAC21B6FB5F0055FA90 /* RestaurantUITests.xctest */;
			productType = "com.apple.product-type.bundle.ui-testing";
		};
/* End PBXNativeTarget section */

/* Begin PBXProject section */
		18E1EE8521B6FB5C0055FA90 /* Project object */ = {
			isa = PBXProject;
			attributes = {
				LastSwiftUpdateCheck = 1010;
				LastUpgradeCheck = 1010;
				ORGANIZATIONNAME = Farginda;
				TargetAttributes = {
					18E1EE8C21B6FB5C0055FA90 = {
						CreatedOnToolsVersion = 10.1;
					};
					18E1EEA021B6FB5F0055FA90 = {
						CreatedOnToolsVersion = 10.1;
						TestTargetID = 18E1EE8C21B6FB5C0055FA90;
					};
					18E1EEAB21B6FB5F0055FA90 = {
						CreatedOnToolsVersion = 10.1;
						TestTargetID = 18E1EE8C21B6FB5C0055FA90;
					};
				};
			};
			buildConfigurationList = 18E1EE8821B6FB5C0055FA90 /* Build configuration list for PBXProject "Restaurant" */;
			compatibilityVersion = "Xcode 9.3";
			developmentRegion = en;
			hasScannedForEncodings = 0;
			knownRegions = (
				en,
				Base,
			);
			mainGroup = 18E1EE8421B6FB5C0055FA90;
			productRefGroup = 18E1EE8E21B6FB5C0055FA90 /* Products */;
			projectDirPath = "";
			projectRoot = "";
			targets = (
				18E1EE8C21B6FB5C0055FA90 /* Restaurant */,
				18E1EEA021B6FB5F0055FA90 /* RestaurantTests */,
				18E1EEAB21B6FB5F0055FA90 /* RestaurantUITests */,
			);
		};
/* End PBXProject section */

/* Begin PBXResourcesBuildPhase section */
		18E1EE8B21B6FB5C0055FA90 /* Resources */ = {
			isa = PBXResourcesBuildPhase;
			buildActionMask = 2147483647;
			files = (
				18E1EE9B21B6FB5F0055FA90 /* LaunchScreen.storyboard in Resources */,
				18E1EE9821B6FB5F0055FA90 /* Assets.xcassets in Resources */,
				18E1EE9621B6FB5C0055FA90 /* Main.storyboard in Resources */,
			);
			runOnlyForDeploymentPostprocessing = 0;
		};
		18E1EE9F21B6FB5F0055FA90 /* Resources */ = {
			isa = PBXResourcesBuildPhase;
			buildActionMask = 2147483647;
			files = (
			);
			runOnlyForDeploymentPostprocessing = 0;
		};
		18E1EEAA21B6FB5F0055FA90 /* Resources */ = {
			isa = PBXResourcesBuildPhase;
			buildActionMask = 2147483647;
			files = (
			);
			runOnlyForDeploymentPostprocessing = 0;
		};
/* End PBXResourcesBuildPhase section */

/* Begin PBXSourcesBuildPhase section */
		18E1EE8921B6FB5C0055FA90 /* Sources */ = {
			isa = PBXSourcesBuildPhase;
			buildActionMask = 2147483647;
			files = (
				18FF77F721B84889005B18BC /* OrderConfirmationViewController.swift in Sources */,
				18E1EEC521B6FFE20055FA90 /* MenuItemDetailViewController.swift in Sources */,
				18E1EECD21B7D8D00055FA90 /* MenuController.swift in Sources */,
				18E1EEC121B6FE290055FA90 /* MenuTableViewController.swift in Sources */,
				18E1EECB21B703710055FA90 /* Order.swift in Sources */,
				18E1EEC321B6FE3C0055FA90 /* OrderTableViewController.swift in Sources */,
				18E1EEC721B700F80055FA90 /* MenuItem.swift in Sources */,
				18E1EE9121B6FB5C0055FA90 /* AppDelegate.swift in Sources */,
				18E1EEBF21B6FE180055FA90 /* CategoryTableViewController.swift in Sources */,
				18E1EEC921B702680055FA90 /* IntermediaryModels.swift in Sources */,
			);
			runOnlyForDeploymentPostprocessing = 0;
		};
		18E1EE9D21B6FB5F0055FA90 /* Sources */ = {
			isa = PBXSourcesBuildPhase;
			buildActionMask = 2147483647;
			files = (
				18E1EEA621B6FB5F0055FA90 /* RestaurantTests.swift in Sources */,
			);
			runOnlyForDeploymentPostprocessing = 0;
		};
		18E1EEA821B6FB5F0055FA90 /* Sources */ = {
			isa = PBXSourcesBuildPhase;
			buildActionMask = 2147483647;
			files = (
				18E1EEB121B6FB5F0055FA90 /* RestaurantUITests.swift in Sources */,
			);
			runOnlyForDeploymentPostprocessing = 0;
		};
/* End PBXSourcesBuildPhase section */

/* Begin PBXTargetDependency section */
		18E1EEA321B6FB5F0055FA90 /* PBXTargetDependency */ = {
			isa = PBXTargetDependency;
			target = 18E1EE8C21B6FB5C0055FA90 /* Restaurant */;
			targetProxy = 18E1EEA221B6FB5F0055FA90 /* PBXContainerItemProxy */;
		};
		18E1EEAE21B6FB5F0055FA90 /* PBXTargetDependency */ = {
			isa = PBXTargetDependency;
			target = 18E1EE8C21B6FB5C0055FA90 /* Restaurant */;
			targetProxy = 18E1EEAD21B6FB5F0055FA90 /* PBXContainerItemProxy */;
		};
/* End PBXTargetDependency section */

/* Begin PBXVariantGroup section */
		18E1EE9421B6FB5C0055FA90 /* Main.storyboard */ = {
			isa = PBXVariantGroup;
			children = (
				18E1EE9521B6FB5C0055FA90 /* Base */,
			);
			name = Main.storyboard;
			sourceTree = "<group>";
		};
		18E1EE9921B6FB5F0055FA90 /* LaunchScreen.storyboard */ = {
			isa = PBXVariantGroup;
			children = (
				18E1EE9A21B6FB5F0055FA90 /* Base */,
			);
			name = LaunchScreen.storyboard;
			sourceTree = "<group>";
		};
/* End PBXVariantGroup section */

/* Begin XCBuildConfiguration section */
		18E1EEB321B6FB5F0055FA90 /* Debug */ = {
			isa = XCBuildConfiguration;
			buildSettings = {
				ALWAYS_SEARCH_USER_PATHS = NO;
				CLANG_ANALYZER_NONNULL = YES;
				CLANG_ANALYZER_NUMBER_OBJECT_CONVERSION = YES_AGGRESSIVE;
				CLANG_CXX_LANGUAGE_STANDARD = "gnu++14";
				CLANG_CXX_LIBRARY = "libc++";
				CLANG_ENABLE_MODULES = YES;
				CLANG_ENABLE_OBJC_ARC = YES;
				CLANG_ENABLE_OBJC_WEAK = YES;
				CLANG_WARN_BLOCK_CAPTURE_AUTORELEASING = YES;
				CLANG_WARN_BOOL_CONVERSION = YES;
				CLANG_WARN_COMMA = YES;
				CLANG_WARN_CONSTANT_CONVERSION = YES;
				CLANG_WARN_DEPRECATED_OBJC_IMPLEMENTATIONS = YES;
				CLANG_WARN_DIRECT_OBJC_ISA_USAGE = YES_ERROR;
				CLANG_WARN_DOCUMENTATION_COMMENTS = YES;
				CLANG_WARN_EMPTY_BODY = YES;
				CLANG_WARN_ENUM_CONVERSION = YES;
				CLANG_WARN_INFINITE_RECURSION = YES;
				CLANG_WARN_INT_CONVERSION = YES;
				CLANG_WARN_NON_LITERAL_NULL_CONVERSION = YES;
				CLANG_WARN_OBJC_IMPLICIT_RETAIN_SELF = YES;
				CLANG_WARN_OBJC_LITERAL_CONVERSION = YES;
				CLANG_WARN_OBJC_ROOT_CLASS = YES_ERROR;
				CLANG_WARN_RANGE_LOOP_ANALYSIS = YES;
				CLANG_WARN_STRICT_PROTOTYPES = YES;
				CLANG_WARN_SUSPICIOUS_MOVE = YES;
				CLANG_WARN_UNGUARDED_AVAILABILITY = YES_AGGRESSIVE;
				CLANG_WARN_UNREACHABLE_CODE = YES;
				CLANG_WARN__DUPLICATE_METHOD_MATCH = YES;
				CODE_SIGN_IDENTITY = "iPhone Developer";
				COPY_PHASE_STRIP = NO;
				DEBUG_INFORMATION_FORMAT = dwarf;
				ENABLE_STRICT_OBJC_MSGSEND = YES;
				ENABLE_TESTABILITY = YES;
				GCC_C_LANGUAGE_STANDARD = gnu11;
				GCC_DYNAMIC_NO_PIC = NO;
				GCC_NO_COMMON_BLOCKS = YES;
				GCC_OPTIMIZATION_LEVEL = 0;
				GCC_PREPROCESSOR_DEFINITIONS = (
					"DEBUG=1",
					"$(inherited)",
				);
				GCC_WARN_64_TO_32_BIT_CONVERSION = YES;
				GCC_WARN_ABOUT_RETURN_TYPE = YES_ERROR;
				GCC_WARN_UNDECLARED_SELECTOR = YES;
				GCC_WARN_UNINITIALIZED_AUTOS = YES_AGGRESSIVE;
				GCC_WARN_UNUSED_FUNCTION = YES;
				GCC_WARN_UNUSED_VARIABLE = YES;
				IPHONEOS_DEPLOYMENT_TARGET = 12.1;
				MTL_ENABLE_DEBUG_INFO = INCLUDE_SOURCE;
				MTL_FAST_MATH = YES;
				ONLY_ACTIVE_ARCH = YES;
				SDKROOT = iphoneos;
				SWIFT_ACTIVE_COMPILATION_CONDITIONS = DEBUG;
				SWIFT_OPTIMIZATION_LEVEL = "-Onone";
			};
			name = Debug;
		};
		18E1EEB421B6FB5F0055FA90 /* Release */ = {
			isa = XCBuildConfiguration;
			buildSettings = {
				ALWAYS_SEARCH_USER_PATHS = NO;
				CLANG_ANALYZER_NONNULL = YES;
				CLANG_ANALYZER_NUMBER_OBJECT_CONVERSION = YES_AGGRESSIVE;
				CLANG_CXX_LANGUAGE_STANDARD = "gnu++14";
				CLANG_CXX_LIBRARY = "libc++";
				CLANG_ENABLE_MODULES = YES;
				CLANG_ENABLE_OBJC_ARC = YES;
				CLANG_ENABLE_OBJC_WEAK = YES;
				CLANG_WARN_BLOCK_CAPTURE_AUTORELEASING = YES;
				CLANG_WARN_BOOL_CONVERSION = YES;
				CLANG_WARN_COMMA = YES;
				CLANG_WARN_CONSTANT_CONVERSION = YES;
				CLANG_WARN_DEPRECATED_OBJC_IMPLEMENTATIONS = YES;
				CLANG_WARN_DIRECT_OBJC_ISA_USAGE = YES_ERROR;
				CLANG_WARN_DOCUMENTATION_COMMENTS = YES;
				CLANG_WARN_EMPTY_BODY = YES;
				CLANG_WARN_ENUM_CONVERSION = YES;
				CLANG_WARN_INFINITE_RECURSION = YES;
				CLANG_WARN_INT_CONVERSION = YES;
				CLANG_WARN_NON_LITERAL_NULL_CONVERSION = YES;
				CLANG_WARN_OBJC_IMPLICIT_RETAIN_SELF = YES;
				CLANG_WARN_OBJC_LITERAL_CONVERSION = YES;
				CLANG_WARN_OBJC_ROOT_CLASS = YES_ERROR;
				CLANG_WARN_RANGE_LOOP_ANALYSIS = YES;
				CLANG_WARN_STRICT_PROTOTYPES = YES;
				CLANG_WARN_SUSPICIOUS_MOVE = YES;
				CLANG_WARN_UNGUARDED_AVAILABILITY = YES_AGGRESSIVE;
				CLANG_WARN_UNREACHABLE_CODE = YES;
				CLANG_WARN__DUPLICATE_METHOD_MATCH = YES;
				CODE_SIGN_IDENTITY = "iPhone Developer";
				COPY_PHASE_STRIP = NO;
				DEBUG_INFORMATION_FORMAT = "dwarf-with-dsym";
				ENABLE_NS_ASSERTIONS = NO;
				ENABLE_STRICT_OBJC_MSGSEND = YES;
				GCC_C_LANGUAGE_STANDARD = gnu11;
				GCC_NO_COMMON_BLOCKS = YES;
				GCC_WARN_64_TO_32_BIT_CONVERSION = YES;
				GCC_WARN_ABOUT_RETURN_TYPE = YES_ERROR;
				GCC_WARN_UNDECLARED_SELECTOR = YES;
				GCC_WARN_UNINITIALIZED_AUTOS = YES_AGGRESSIVE;
				GCC_WARN_UNUSED_FUNCTION = YES;
				GCC_WARN_UNUSED_VARIABLE = YES;
				IPHONEOS_DEPLOYMENT_TARGET = 12.1;
				MTL_ENABLE_DEBUG_INFO = NO;
				MTL_FAST_MATH = YES;
				SDKROOT = iphoneos;
				SWIFT_COMPILATION_MODE = wholemodule;
				SWIFT_OPTIMIZATION_LEVEL = "-O";
				VALIDATE_PRODUCT = YES;
			};
			name = Release;
		};
		18E1EEB621B6FB5F0055FA90 /* Debug */ = {
			isa = XCBuildConfiguration;
			buildSettings = {
				ASSETCATALOG_COMPILER_APPICON_NAME = AppIcon;
				CODE_SIGN_STYLE = Automatic;
				DEVELOPMENT_TEAM = MXL9X96J78;
				INFOPLIST_FILE = Restaurant/Info.plist;
				LD_RUNPATH_SEARCH_PATHS = (
					"$(inherited)",
					"@executable_path/Frameworks",
				);
				PRODUCT_BUNDLE_IDENTIFIER = "xx-fanaa-xx-live.nl.Restaurant";
				PRODUCT_NAME = "$(TARGET_NAME)";
				SWIFT_VERSION = 4.2;
				TARGETED_DEVICE_FAMILY = "1,2";
			};
			name = Debug;
		};
		18E1EEB721B6FB5F0055FA90 /* Release */ = {
			isa = XCBuildConfiguration;
			buildSettings = {
				ASSETCATALOG_COMPILER_APPICON_NAME = AppIcon;
				CODE_SIGN_STYLE = Automatic;
				DEVELOPMENT_TEAM = MXL9X96J78;
				INFOPLIST_FILE = Restaurant/Info.plist;
				LD_RUNPATH_SEARCH_PATHS = (
					"$(inherited)",
					"@executable_path/Frameworks",
				);
				PRODUCT_BUNDLE_IDENTIFIER = "xx-fanaa-xx-live.nl.Restaurant";
				PRODUCT_NAME = "$(TARGET_NAME)";
				SWIFT_VERSION = 4.2;
				TARGETED_DEVICE_FAMILY = "1,2";
			};
			name = Release;
		};
		18E1EEB921B6FB5F0055FA90 /* Debug */ = {
			isa = XCBuildConfiguration;
			buildSettings = {
				ALWAYS_EMBED_SWIFT_STANDARD_LIBRARIES = YES;
				BUNDLE_LOADER = "$(TEST_HOST)";
				CODE_SIGN_STYLE = Automatic;
				DEVELOPMENT_TEAM = MXL9X96J78;
				INFOPLIST_FILE = RestaurantTests/Info.plist;
				LD_RUNPATH_SEARCH_PATHS = (
					"$(inherited)",
					"@executable_path/Frameworks",
					"@loader_path/Frameworks",
				);
				PRODUCT_BUNDLE_IDENTIFIER = "xx-fanaa-xx-live.nl.RestaurantTests";
				PRODUCT_NAME = "$(TARGET_NAME)";
				SWIFT_VERSION = 4.2;
				TARGETED_DEVICE_FAMILY = "1,2";
				TEST_HOST = "$(BUILT_PRODUCTS_DIR)/Restaurant.app/Restaurant";
			};
			name = Debug;
		};
		18E1EEBA21B6FB5F0055FA90 /* Release */ = {
			isa = XCBuildConfiguration;
			buildSettings = {
				ALWAYS_EMBED_SWIFT_STANDARD_LIBRARIES = YES;
				BUNDLE_LOADER = "$(TEST_HOST)";
				CODE_SIGN_STYLE = Automatic;
				DEVELOPMENT_TEAM = MXL9X96J78;
				INFOPLIST_FILE = RestaurantTests/Info.plist;
				LD_RUNPATH_SEARCH_PATHS = (
					"$(inherited)",
					"@executable_path/Frameworks",
					"@loader_path/Frameworks",
				);
				PRODUCT_BUNDLE_IDENTIFIER = "xx-fanaa-xx-live.nl.RestaurantTests";
				PRODUCT_NAME = "$(TARGET_NAME)";
				SWIFT_VERSION = 4.2;
				TARGETED_DEVICE_FAMILY = "1,2";
				TEST_HOST = "$(BUILT_PRODUCTS_DIR)/Restaurant.app/Restaurant";
			};
			name = Release;
		};
		18E1EEBC21B6FB5F0055FA90 /* Debug */ = {
			isa = XCBuildConfiguration;
			buildSettings = {
				ALWAYS_EMBED_SWIFT_STANDARD_LIBRARIES = YES;
				CODE_SIGN_STYLE = Automatic;
				DEVELOPMENT_TEAM = MXL9X96J78;
				INFOPLIST_FILE = RestaurantUITests/Info.plist;
				LD_RUNPATH_SEARCH_PATHS = (
					"$(inherited)",
					"@executable_path/Frameworks",
					"@loader_path/Frameworks",
				);
				PRODUCT_BUNDLE_IDENTIFIER = "xx-fanaa-xx-live.nl.RestaurantUITests";
				PRODUCT_NAME = "$(TARGET_NAME)";
				SWIFT_VERSION = 4.2;
				TARGETED_DEVICE_FAMILY = "1,2";
				TEST_TARGET_NAME = Restaurant;
			};
			name = Debug;
		};
		18E1EEBD21B6FB5F0055FA90 /* Release */ = {
			isa = XCBuildConfiguration;
			buildSettings = {
				ALWAYS_EMBED_SWIFT_STANDARD_LIBRARIES = YES;
				CODE_SIGN_STYLE = Automatic;
				DEVELOPMENT_TEAM = MXL9X96J78;
				INFOPLIST_FILE = RestaurantUITests/Info.plist;
				LD_RUNPATH_SEARCH_PATHS = (
					"$(inherited)",
					"@executable_path/Frameworks",
					"@loader_path/Frameworks",
				);
				PRODUCT_BUNDLE_IDENTIFIER = "xx-fanaa-xx-live.nl.RestaurantUITests";
				PRODUCT_NAME = "$(TARGET_NAME)";
				SWIFT_VERSION = 4.2;
				TARGETED_DEVICE_FAMILY = "1,2";
				TEST_TARGET_NAME = Restaurant;
			};
			name = Release;
		};
/* End XCBuildConfiguration section */

/* Begin XCConfigurationList section */
		18E1EE8821B6FB5C0055FA90 /* Build configuration list for PBXProject "Restaurant" */ = {
			isa = XCConfigurationList;
			buildConfigurations = (
				18E1EEB321B6FB5F0055FA90 /* Debug */,
				18E1EEB421B6FB5F0055FA90 /* Release */,
			);
			defaultConfigurationIsVisible = 0;
			defaultConfigurationName = Release;
		};
		18E1EEB521B6FB5F0055FA90 /* Build configuration list for PBXNativeTarget "Restaurant" */ = {
			isa = XCConfigurationList;
			buildConfigurations = (
				18E1EEB621B6FB5F0055FA90 /* Debug */,
				18E1EEB721B6FB5F0055FA90 /* Release */,
			);
			defaultConfigurationIsVisible = 0;
			defaultConfigurationName = Release;
		};
		18E1EEB821B6FB5F0055FA90 /* Build configuration list for PBXNativeTarget "RestaurantTests" */ = {
			isa = XCConfigurationList;
			buildConfigurations = (
				18E1EEB921B6FB5F0055FA90 /* Debug */,
				18E1EEBA21B6FB5F0055FA90 /* Release */,
			);
			defaultConfigurationIsVisible = 0;
			defaultConfigurationName = Release;
		};
		18E1EEBB21B6FB5F0055FA90 /* Build configuration list for PBXNativeTarget "RestaurantUITests" */ = {
			isa = XCConfigurationList;
			buildConfigurations = (
				18E1EEBC21B6FB5F0055FA90 /* Debug */,
				18E1EEBD21B6FB5F0055FA90 /* Release */,
			);
			defaultConfigurationIsVisible = 0;
			defaultConfigurationName = Release;
		};
/* End XCConfigurationList section */
	};
	rootObject = 18E1EE8521B6FB5C0055FA90 /* Project object */;
}
